
Microsoft Visual Studio Solution File, Format Version 12.00
# Visual Studio 15
VisualStudioVersion = 15.0.28307.902
MinimumVisualStudioVersion = 10.0.40219.1
Project("{FAE04EC0-301F-11D3-BF4B-00C04F79EFBC}") = "TestApp", "TestApp\TestApp.csproj", "{12542F35-CEEC-475E-9F4E-AC493FF7AAB1}"
EndProject
Global
	GlobalSection(SolutionConfigurationPlatforms) = preSolution
		Debug|Any CPU = Debug|Any CPU
		Release|Any CPU = Release|Any CPU
	EndGlobalSection
	GlobalSection(ProjectConfigurationPlatforms) = postSolution
		{12542F35-CEEC-475E-9F4E-AC493FF7AAB1}.Debug|Any CPU.ActiveCfg = Debug|Any CPU
		{12542F35-CEEC-475E-9F4E-AC493FF7AAB1}.Debug|Any CPU.Build.0 = Debug|Any CPU
		{12542F35-CEEC-475E-9F4E-AC493FF7AAB1}.Release|Any CPU.ActiveCfg = Release|Any CPU
		{12542F35-CEEC-475E-9F4E-AC493FF7AAB1}.Release|Any CPU.Build.0 = Release|Any CPU
	EndGlobalSection
	GlobalSection(SolutionProperties) = preSolution
		HideSolutionNode = FALSE
	EndGlobalSection
	GlobalSection(ExtensibilityGlobals) = postSolution
		SolutionGuid = {E46B0144-09B3-4D4B-9AB5-C3CB99E4AACB}
	EndGlobalSection
EndGlobal
